// !$*UTF8*$!
{
	archiveVersion = 1;
	classes = {
	};
	objectVersion = 55;
	objects = {

/* Begin PBXBuildFile section */
		BDEC32122780914700B6D61E /* AppDelegate.swift in Sources */ = {isa = PBXBuildFile; fileRef = BDEC32112780914700B6D61E /* AppDelegate.swift */; };
		BDEC32142780914700B6D61E /* SceneDelegate.swift in Sources */ = {isa = PBXBuildFile; fileRef = BDEC32132780914700B6D61E /* SceneDelegate.swift */; };
		BDEC32162780914700B6D61E /* HomeVC.swift in Sources */ = {isa = PBXBuildFile; fileRef = BDEC32152780914700B6D61E /* HomeVC.swift */; };
		BDEC32192780914700B6D61E /* Main.storyboard in Resources */ = {isa = PBXBuildFile; fileRef = BDEC32172780914700B6D61E /* Main.storyboard */; };
		BDEC321B2780914800B6D61E /* Assets.xcassets in Resources */ = {isa = PBXBuildFile; fileRef = BDEC321A2780914800B6D61E /* Assets.xcassets */; };
		BDEC321E2780914800B6D61E /* LaunchScreen.storyboard in Resources */ = {isa = PBXBuildFile; fileRef = BDEC321C2780914800B6D61E /* LaunchScreen.storyboard */; };
		BDEC32292780919400B6D61E /* CounterVC.swift in Sources */ = {isa = PBXBuildFile; fileRef = BDEC32282780919400B6D61E /* CounterVC.swift */; };
		BDEC322B278091A600B6D61E /* presenter.swift in Sources */ = {isa = PBXBuildFile; fileRef = BDEC322A278091A600B6D61E /* presenter.swift */; };
		BDEC322D278091B000B6D61E /* model.swift in Sources */ = {isa = PBXBuildFile; fileRef = BDEC322C278091B000B6D61E /* model.swift */; };
		BDEC32312780A17B00B6D61E /* HomeTVCell.swift in Sources */ = {isa = PBXBuildFile; fileRef = BDEC32302780A17B00B6D61E /* HomeTVCell.swift */; };
		BDEC32332780AB9700B6D61E /* model.swift in Sources */ = {isa = PBXBuildFile; fileRef = BDEC32322780AB9700B6D61E /* model.swift */; };
		BDEC32352780ABA500B6D61E /* presenter.swift in Sources */ = {isa = PBXBuildFile; fileRef = BDEC32342780ABA500B6D61E /* presenter.swift */; };
		BDEC32382780ABD000B6D61E /* News.swift in Sources */ = {isa = PBXBuildFile; fileRef = BDEC32372780ABD000B6D61E /* News.swift */; };
/* End PBXBuildFile section */

/* Begin PBXFileReference section */
		BDEC320E2780914700B6D61E /* NewsApp.app */ = {isa = PBXFileReference; explicitFileType = wrapper.application; includeInIndex = 0; path = NewsApp.app; sourceTree = BUILT_PRODUCTS_DIR; };
		BDEC32112780914700B6D61E /* AppDelegate.swift */ = {isa = PBXFileReference; lastKnownFileType = sourcecode.swift; path = AppDelegate.swift; sourceTree = "<group>"; };
		BDEC32132780914700B6D61E /* SceneDelegate.swift */ = {isa = PBXFileReference; lastKnownFileType = sourcecode.swift; path = SceneDelegate.swift; sourceTree = "<group>"; };
		BDEC32152780914700B6D61E /* HomeVC.swift */ = {isa = PBXFileReference; lastKnownFileType = sourcecode.swift; path = HomeVC.swift; sourceTree = "<group>"; };
		BDEC32182780914700B6D61E /* Base */ = {isa = PBXFileReference; lastKnownFileType = file.storyboard; name = Base; path = Base.lproj/Main.storyboard; sourceTree = "<group>"; };
		BDEC321A2780914800B6D61E /* Assets.xcassets */ = {isa = PBXFileReference; lastKnownFileType = folder.assetcatalog; path = Assets.xcassets; sourceTree = "<group>"; };
		BDEC321D2780914800B6D61E /* Base */ = {isa = PBXFileReference; lastKnownFileType = file.storyboard; name = Base; path = Base.lproj/LaunchScreen.storyboard; sourceTree = "<group>"; };
		BDEC321F2780914800B6D61E /* Info.plist */ = {isa = PBXFileReference; lastKnownFileType = text.plist.xml; path = Info.plist; sourceTree = "<group>"; };
		BDEC32282780919400B6D61E /* CounterVC.swift */ = {isa = PBXFileReference; lastKnownFileType = sourcecode.swift; path = CounterVC.swift; sourceTree = "<group>"; };
		BDEC322A278091A600B6D61E /* presenter.swift */ = {isa = PBXFileReference; lastKnownFileType = sourcecode.swift; path = presenter.swift; sourceTree = "<group>"; };
		BDEC322C278091B000B6D61E /* model.swift */ = {isa = PBXFileReference; lastKnownFileType = sourcecode.swift; path = model.swift; sourceTree = "<group>"; };
		BDEC32302780A17B00B6D61E /* HomeTVCell.swift */ = {isa = PBXFileReference; lastKnownFileType = sourcecode.swift; path = HomeTVCell.swift; sourceTree = "<group>"; };
		BDEC32322780AB9700B6D61E /* model.swift */ = {isa = PBXFileReference; lastKnownFileType = sourcecode.swift; path = model.swift; sourceTree = "<group>"; };
		BDEC32342780ABA500B6D61E /* presenter.swift */ = {isa = PBXFileReference; lastKnownFileType = sourcecode.swift; path = presenter.swift; sourceTree = "<group>"; };
		BDEC32372780ABD000B6D61E /* News.swift */ = {isa = PBXFileReference; lastKnownFileType = sourcecode.swift; path = News.swift; sourceTree = "<group>"; };
/* End PBXFileReference section */

/* Begin PBXFrameworksBuildPhase section */
		BDEC320B2780914700B6D61E /* Frameworks */ = {
			isa = PBXFrameworksBuildPhase;
			buildActionMask = 2147483647;
			files = (
			);
			runOnlyForDeploymentPostprocessing = 0;
		};
/* End PBXFrameworksBuildPhase section */

/* Begin PBXGroup section */
		BDEC32052780914700B6D61E = {
			isa = PBXGroup;
			children = (
				BDEC32102780914700B6D61E /* NewsApp */,
				BDEC320F2780914700B6D61E /* Products */,
			);
			sourceTree = "<group>";
		};
		BDEC320F2780914700B6D61E /* Products */ = {
			isa = PBXGroup;
			children = (
				BDEC320E2780914700B6D61E /* NewsApp.app */,
			);
			name = Products;
			sourceTree = "<group>";
		};
		BDEC32102780914700B6D61E /* NewsApp */ = {
			isa = PBXGroup;
			children = (
				BDEC32362780ABB800B6D61E /* models */,
				BDEC322F2780A14D00B6D61E /* components */,
				BDEC32252780915000B6D61E /* features */,
				BDEC32112780914700B6D61E /* AppDelegate.swift */,
				BDEC32132780914700B6D61E /* SceneDelegate.swift */,
				BDEC32172780914700B6D61E /* Main.storyboard */,
				BDEC321A2780914800B6D61E /* Assets.xcassets */,
				BDEC321C2780914800B6D61E /* LaunchScreen.storyboard */,
				BDEC321F2780914800B6D61E /* Info.plist */,
			);
			path = NewsApp;
			sourceTree = "<group>";
		};
		BDEC32252780915000B6D61E /* features */ = {
			isa = PBXGroup;
			children = (
				BDEC322E2780A09E00B6D61E /* home */,
				BDEC32272780917900B6D61E /* counter */,
			);
			name = features;
			sourceTree = "<group>";
		};
		BDEC32272780917900B6D61E /* counter */ = {
			isa = PBXGroup;
			children = (
				BDEC32282780919400B6D61E /* CounterVC.swift */,
				BDEC322A278091A600B6D61E /* presenter.swift */,
				BDEC322C278091B000B6D61E /* model.swift */,
			);
			name = counter;
			sourceTree = "<group>";
		};
		BDEC322E2780A09E00B6D61E /* home */ = {
			isa = PBXGroup;
			children = (
				BDEC32152780914700B6D61E /* HomeVC.swift */,
				BDEC32322780AB9700B6D61E /* model.swift */,
				BDEC32342780ABA500B6D61E /* presenter.swift */,
			);
			name = home;
			sourceTree = "<group>";
		};
		BDEC322F2780A14D00B6D61E /* components */ = {
			isa = PBXGroup;
			children = (
				BDEC32302780A17B00B6D61E /* HomeTVCell.swift */,
			);
			name = components;
			sourceTree = "<group>";
		};
		BDEC32362780ABB800B6D61E /* models */ = {
			isa = PBXGroup;
			children = (
				BDEC32372780ABD000B6D61E /* News.swift */,
			);
			name = models;
			sourceTree = "<group>";
		};
/* End PBXGroup section */

/* Begin PBXNativeTarget section */
		BDEC320D2780914700B6D61E /* NewsApp */ = {
			isa = PBXNativeTarget;
			buildConfigurationList = BDEC32222780914800B6D61E /* Build configuration list for PBXNativeTarget "NewsApp" */;
			buildPhases = (
				BDEC320A2780914700B6D61E /* Sources */,
				BDEC320B2780914700B6D61E /* Frameworks */,
				BDEC320C2780914700B6D61E /* Resources */,
			);
			buildRules = (
			);
			dependencies = (
			);
			name = NewsApp;
			productName = NewsApp;
			productReference = BDEC320E2780914700B6D61E /* NewsApp.app */;
			productType = "com.apple.product-type.application";
		};
/* End PBXNativeTarget section */

/* Begin PBXProject section */
		BDEC32062780914700B6D61E /* Project object */ = {
			isa = PBXProject;
			attributes = {
				BuildIndependentTargetsInParallel = 1;
				LastSwiftUpdateCheck = 1320;
				LastUpgradeCheck = 1320;
				TargetAttributes = {
					BDEC320D2780914700B6D61E = {
						CreatedOnToolsVersion = 13.2.1;
					};
				};
			};
			buildConfigurationList = BDEC32092780914700B6D61E /* Build configuration list for PBXProject "NewsApp" */;
			compatibilityVersion = "Xcode 13.0";
			developmentRegion = en;
			hasScannedForEncodings = 0;
			knownRegions = (
				en,
				Base,
			);
			mainGroup = BDEC32052780914700B6D61E;
			productRefGroup = BDEC320F2780914700B6D61E /* Products */;
			projectDirPath = "";
			projectRoot = "";
			targets = (
				BDEC320D2780914700B6D61E /* NewsApp */,
			);
		};
/* End PBXProject section */

/* Begin PBXResourcesBuildPhase section */
		BDEC320C2780914700B6D61E /* Resources */ = {
			isa = PBXResourcesBuildPhase;
			buildActionMask = 2147483647;
			files = (
				BDEC321E2780914800B6D61E /* LaunchScreen.storyboard in Resources */,
				BDEC321B2780914800B6D61E /* Assets.xcassets in Resources */,
				BDEC32192780914700B6D61E /* Main.storyboard in Resources */,
			);
			runOnlyForDeploymentPostprocessing = 0;
		};
/* End PBXResourcesBuildPhase section */

/* Begin PBXSourcesBuildPhase section */
		BDEC320A2780914700B6D61E /* Sources */ = {
			isa = PBXSourcesBuildPhase;
			buildActionMask = 2147483647;
			files = (
				BDEC32312780A17B00B6D61E /* HomeTVCell.swift in Sources */,
				BDEC32162780914700B6D61E /* HomeVC.swift in Sources */,
				BDEC322D278091B000B6D61E /* model.swift in Sources */,
				BDEC32352780ABA500B6D61E /* presenter.swift in Sources */,
				BDEC32122780914700B6D61E /* AppDelegate.swift in Sources */,
				BDEC322B278091A600B6D61E /* presenter.swift in Sources */,
				BDEC32142780914700B6D61E /* SceneDelegate.swift in Sources */,
				BDEC32292780919400B6D61E /* CounterVC.swift in Sources */,
				BDEC32382780ABD000B6D61E /* News.swift in Sources */,
				BDEC32332780AB9700B6D61E /* model.swift in Sources */,
			);
			runOnlyForDeploymentPostprocessing = 0;
		};
/* End PBXSourcesBuildPhase section */

/* Begin PBXVariantGroup section */
		BDEC32172780914700B6D61E /* Main.storyboard */ = {
			isa = PBXVariantGroup;
			children = (
				BDEC32182780914700B6D61E /* Base */,
			);
			name = Main.storyboard;
			sourceTree = "<group>";
		};
		BDEC321C2780914800B6D61E /* LaunchScreen.storyboard */ = {
			isa = PBXVariantGroup;
			children = (
				BDEC321D2780914800B6D61E /* Base */,
			);
			name = LaunchScreen.storyboard;
			sourceTree = "<group>";
		};
/* End PBXVariantGroup section */

/* Begin XCBuildConfiguration section */
		BDEC32202780914800B6D61E /* Debug */ = {
			isa = XCBuildConfiguration;
			buildSettings = {
				ALWAYS_SEARCH_USER_PATHS = NO;
				CLANG_ANALYZER_NONNULL = YES;
				CLANG_ANALYZER_NUMBER_OBJECT_CONVERSION = YES_AGGRESSIVE;
				CLANG_CXX_LANGUAGE_STANDARD = "gnu++17";
				CLANG_CXX_LIBRARY = "libc++";
				CLANG_ENABLE_MODULES = YES;
				CLANG_ENABLE_OBJC_ARC = YES;
				CLANG_ENABLE_OBJC_WEAK = YES;
				CLANG_WARN_BLOCK_CAPTURE_AUTORELEASING = YES;
				CLANG_WARN_BOOL_CONVERSION = YES;
				CLANG_WARN_COMMA = YES;
				CLANG_WARN_CONSTANT_CONVERSION = YES;
				CLANG_WARN_DEPRECATED_OBJC_IMPLEMENTATIONS = YES;
				CLANG_WARN_DIRECT_OBJC_ISA_USAGE = YES_ERROR;
				CLANG_WARN_DOCUMENTATION_COMMENTS = YES;
				CLANG_WARN_EMPTY_BODY = YES;
				CLANG_WARN_ENUM_CONVERSION = YES;
				CLANG_WARN_INFINITE_RECURSION = YES;
				CLANG_WARN_INT_CONVERSION = YES;
				CLANG_WARN_NON_LITERAL_NULL_CONVERSION = YES;
				CLANG_WARN_OBJC_IMPLICIT_RETAIN_SELF = YES;
				CLANG_WARN_OBJC_LITERAL_CONVERSION = YES;
				CLANG_WARN_OBJC_ROOT_CLASS = YES_ERROR;
				CLANG_WARN_QUOTED_INCLUDE_IN_FRAMEWORK_HEADER = YES;
				CLANG_WARN_RANGE_LOOP_ANALYSIS = YES;
				CLANG_WARN_STRICT_PROTOTYPES = YES;
				CLANG_WARN_SUSPICIOUS_MOVE = YES;
				CLANG_WARN_UNGUARDED_AVAILABILITY = YES_AGGRESSIVE;
				CLANG_WARN_UNREACHABLE_CODE = YES;
				CLANG_WARN__DUPLICATE_METHOD_MATCH = YES;
				COPY_PHASE_STRIP = NO;
				DEBUG_INFORMATION_FORMAT = dwarf;
				ENABLE_STRICT_OBJC_MSGSEND = YES;
				ENABLE_TESTABILITY = YES;
				GCC_C_LANGUAGE_STANDARD = gnu11;
				GCC_DYNAMIC_NO_PIC = NO;
				GCC_NO_COMMON_BLOCKS = YES;
				GCC_OPTIMIZATION_LEVEL = 0;
				GCC_PREPROCESSOR_DEFINITIONS = (
					"DEBUG=1",
					"$(inherited)",
				);
				GCC_WARN_64_TO_32_BIT_CONVERSION = YES;
				GCC_WARN_ABOUT_RETURN_TYPE = YES_ERROR;
				GCC_WARN_UNDECLARED_SELECTOR = YES;
				GCC_WARN_UNINITIALIZED_AUTOS = YES_AGGRESSIVE;
				GCC_WARN_UNUSED_FUNCTION = YES;
				GCC_WARN_UNUSED_VARIABLE = YES;
				IPHONEOS_DEPLOYMENT_TARGET = 15.2;
				MTL_ENABLE_DEBUG_INFO = INCLUDE_SOURCE;
				MTL_FAST_MATH = YES;
				ONLY_ACTIVE_ARCH = YES;
				SDKROOT = iphoneos;
				SWIFT_ACTIVE_COMPILATION_CONDITIONS = DEBUG;
				SWIFT_OPTIMIZATION_LEVEL = "-Onone";
			};
			name = Debug;
		};
		BDEC32212780914800B6D61E /* Release */ = {
			isa = XCBuildConfiguration;
			buildSettings = {
				ALWAYS_SEARCH_USER_PATHS = NO;
				CLANG_ANALYZER_NONNULL = YES;
				CLANG_ANALYZER_NUMBER_OBJECT_CONVERSION = YES_AGGRESSIVE;
				CLANG_CXX_LANGUAGE_STANDARD = "gnu++17";
				CLANG_CXX_LIBRARY = "libc++";
				CLANG_ENABLE_MODULES = YES;
				CLANG_ENABLE_OBJC_ARC = YES;
				CLANG_ENABLE_OBJC_WEAK = YES;
				CLANG_WARN_BLOCK_CAPTURE_AUTORELEASING = YES;
				CLANG_WARN_BOOL_CONVERSION = YES;
				CLANG_WARN_COMMA = YES;
				CLANG_WARN_CONSTANT_CONVERSION = YES;
				CLANG_WARN_DEPRECATED_OBJC_IMPLEMENTATIONS = YES;
				CLANG_WARN_DIRECT_OBJC_ISA_USAGE = YES_ERROR;
				CLANG_WARN_DOCUMENTATION_COMMENTS = YES;
				CLANG_WARN_EMPTY_BODY = YES;
				CLANG_WARN_ENUM_CONVERSION = YES;
				CLANG_WARN_INFINITE_RECURSION = YES;
				CLANG_WARN_INT_CONVERSION = YES;
				CLANG_WARN_NON_LITERAL_NULL_CONVERSION = YES;
				CLANG_WARN_OBJC_IMPLICIT_RETAIN_SELF = YES;
				CLANG_WARN_OBJC_LITERAL_CONVERSION = YES;
				CLANG_WARN_OBJC_ROOT_CLASS = YES_ERROR;
				CLANG_WARN_QUOTED_INCLUDE_IN_FRAMEWORK_HEADER = YES;
				CLANG_WARN_RANGE_LOOP_ANALYSIS = YES;
				CLANG_WARN_STRICT_PROTOTYPES = YES;
				CLANG_WARN_SUSPICIOUS_MOVE = YES;
				CLANG_WARN_UNGUARDED_AVAILABILITY = YES_AGGRESSIVE;
				CLANG_WARN_UNREACHABLE_CODE = YES;
				CLANG_WARN__DUPLICATE_METHOD_MATCH = YES;
				COPY_PHASE_STRIP = NO;
				DEBUG_INFORMATION_FORMAT = "dwarf-with-dsym";
				ENABLE_NS_ASSERTIONS = NO;
				ENABLE_STRICT_OBJC_MSGSEND = YES;
				GCC_C_LANGUAGE_STANDARD = gnu11;
				GCC_NO_COMMON_BLOCKS = YES;
				GCC_WARN_64_TO_32_BIT_CONVERSION = YES;
				GCC_WARN_ABOUT_RETURN_TYPE = YES_ERROR;
				GCC_WARN_UNDECLARED_SELECTOR = YES;
				GCC_WARN_UNINITIALIZED_AUTOS = YES_AGGRESSIVE;
				GCC_WARN_UNUSED_FUNCTION = YES;
				GCC_WARN_UNUSED_VARIABLE = YES;
				IPHONEOS_DEPLOYMENT_TARGET = 15.2;
				MTL_ENABLE_DEBUG_INFO = NO;
				MTL_FAST_MATH = YES;
				SDKROOT = iphoneos;
				SWIFT_COMPILATION_MODE = wholemodule;
				SWIFT_OPTIMIZATION_LEVEL = "-O";
				VALIDATE_PRODUCT = YES;
			};
			name = Release;
		};
		BDEC32232780914800B6D61E /* Debug */ = {
			isa = XCBuildConfiguration;
			buildSettings = {
				ASSETCATALOG_COMPILER_APPICON_NAME = AppIcon;
				ASSETCATALOG_COMPILER_GLOBAL_ACCENT_COLOR_NAME = AccentColor;
				CODE_SIGN_STYLE = Automatic;
				CURRENT_PROJECT_VERSION = 1;
				GENERATE_INFOPLIST_FILE = YES;
				INFOPLIST_FILE = NewsApp/Info.plist;
				INFOPLIST_KEY_UIApplicationSupportsIndirectInputEvents = YES;
				INFOPLIST_KEY_UILaunchStoryboardName = LaunchScreen;
				INFOPLIST_KEY_UIMainStoryboardFile = Main;
				INFOPLIST_KEY_UISupportedInterfaceOrientations_iPad = "UIInterfaceOrientationPortrait UIInterfaceOrientationPortraitUpsideDown UIInterfaceOrientationLandscapeLeft UIInterfaceOrientationLandscapeRight";
				INFOPLIST_KEY_UISupportedInterfaceOrientations_iPhone = "UIInterfaceOrientationPortrait UIInterfaceOrientationLandscapeLeft UIInterfaceOrientationLandscapeRight";
				LD_RUNPATH_SEARCH_PATHS = (
					"$(inherited)",
					"@executable_path/Frameworks",
				);
				MARKETING_VERSION = 1.0;
				PRODUCT_BUNDLE_IDENTIFIER = com.jemi.NewsApp;
				PRODUCT_NAME = "$(TARGET_NAME)";
				SWIFT_EMIT_LOC_STRINGS = YES;
				SWIFT_VERSION = 5.0;
				TARGETED_DEVICE_FAMILY = "1,2";
			};
			name = Debug;
		};
		BDEC32242780914800B6D61E /* Release */ = {
			isa = XCBuildConfiguration;
			buildSettings = {
				ASSETCATALOG_COMPILER_APPICON_NAME = AppIcon;
				ASSETCATALOG_COMPILER_GLOBAL_ACCENT_COLOR_NAME = AccentColor;
				CODE_SIGN_STYLE = Automatic;
				CURRENT_PROJECT_VERSION = 1;
				GENERATE_INFOPLIST_FILE = YES;
				INFOPLIST_FILE = NewsApp/Info.plist;
				INFOPLIST_KEY_UIApplicationSupportsIndirectInputEvents = YES;
				INFOPLIST_KEY_UILaunchStoryboardName = LaunchScreen;
				INFOPLIST_KEY_UIMainStoryboardFile = Main;
				INFOPLIST_KEY_UISupportedInterfaceOrientations_iPad = "UIInterfaceOrientationPortrait UIInterfaceOrientationPortraitUpsideDown UIInterfaceOrientationLandscapeLeft UIInterfaceOrientationLandscapeRight";
				INFOPLIST_KEY_UISupportedInterfaceOrientations_iPhone = "UIInterfaceOrientationPortrait UIInterfaceOrientationLandscapeLeft UIInterfaceOrientationLandscapeRight";
				LD_RUNPATH_SEARCH_PATHS = (
					"$(inherited)",
					"@executable_path/Frameworks",
				);
				MARKETING_VERSION = 1.0;
				PRODUCT_BUNDLE_IDENTIFIER = com.jemi.NewsApp;
				PRODUCT_NAME = "$(TARGET_NAME)";
				SWIFT_EMIT_LOC_STRINGS = YES;
				SWIFT_VERSION = 5.0;
				TARGETED_DEVICE_FAMILY = "1,2";
			};
			name = Release;
		};
/* End XCBuildConfiguration section */

/* Begin XCConfigurationList section */
		BDEC32092780914700B6D61E /* Build configuration list for PBXProject "NewsApp" */ = {
			isa = XCConfigurationList;
			buildConfigurations = (
				BDEC32202780914800B6D61E /* Debug */,
				BDEC32212780914800B6D61E /* Release */,
			);
			defaultConfigurationIsVisible = 0;
			defaultConfigurationName = Release;
		};
		BDEC32222780914800B6D61E /* Build configuration list for PBXNativeTarget "NewsApp" */ = {
			isa = XCConfigurationList;
			buildConfigurations = (
				BDEC32232780914800B6D61E /* Debug */,
				BDEC32242780914800B6D61E /* Release */,
			);
			defaultConfigurationIsVisible = 0;
			defaultConfigurationName = Release;
		};
/* End XCConfigurationList section */
	};
	rootObject = BDEC32062780914700B6D61E /* Project object */;
}
